
Microsoft Visual Studio Solution File, Format Version 12.00
# Visual Studio Version 16
VisualStudioVersion = 16.0.810.6
MinimumVisualStudioVersion = 10.0.40219.1
Project("{FAE04EC0-301F-11D3-BF4B-00C04F79EFBC}") = "PresentationLayer", "PresentationLayer\PresentationLayer.csproj", "{D095E806-F4A8-4D0A-93C5-66188A0555A9}"
EndProject
Project("{FAE04EC0-301F-11D3-BF4B-00C04F79EFBC}") = "BusinessLayer", "BusinessLayer\BusinessLayer.csproj", "{351B55FE-7164-4935-B11C-D14ABBEF9045}"
EndProject
Project("{FAE04EC0-301F-11D3-BF4B-00C04F79EFBC}") = "DbLayer", "DbLayer\DbLayer.csproj", "{6E589A40-568F-4CB4-8649-39FD17C18243}"
EndProject
Project("{FAE04EC0-301F-11D3-BF4B-00C04F79EFBC}") = "Services", "Services\Services.csproj", "{212A8E97-09E0-4A1F-B368-A140D6373F94}"
EndProject
Global
	GlobalSection(SolutionConfigurationPlatforms) = preSolution
		Debug|Any CPU = Debug|Any CPU
		Release|Any CPU = Release|Any CPU
	EndGlobalSection
	GlobalSection(ProjectConfigurationPlatforms) = postSolution
		{D095E806-F4A8-4D0A-93C5-66188A0555A9}.Debug|Any CPU.ActiveCfg = Debug|Any CPU
		{D095E806-F4A8-4D0A-93C5-66188A0555A9}.Debug|Any CPU.Build.0 = Debug|Any CPU
		{D095E806-F4A8-4D0A-93C5-66188A0555A9}.Release|Any CPU.ActiveCfg = Release|Any CPU
		{D095E806-F4A8-4D0A-93C5-66188A0555A9}.Release|Any CPU.Build.0 = Release|Any CPU
		{351B55FE-7164-4935-B11C-D14ABBEF9045}.Debug|Any CPU.ActiveCfg = Debug|Any CPU
		{351B55FE-7164-4935-B11C-D14ABBEF9045}.Debug|Any CPU.Build.0 = Debug|Any CPU
		{351B55FE-7164-4935-B11C-D14ABBEF9045}.Release|Any CPU.ActiveCfg = Release|Any CPU
		{351B55FE-7164-4935-B11C-D14ABBEF9045}.Release|Any CPU.Build.0 = Release|Any CPU
		{6E589A40-568F-4CB4-8649-39FD17C18243}.Debug|Any CPU.ActiveCfg = Debug|Any CPU
		{6E589A40-568F-4CB4-8649-39FD17C18243}.Debug|Any CPU.Build.0 = Debug|Any CPU
		{6E589A40-568F-4CB4-8649-39FD17C18243}.Release|Any CPU.ActiveCfg = Release|Any CPU
		{6E589A40-568F-4CB4-8649-39FD17C18243}.Release|Any CPU.Build.0 = Release|Any CPU
		{212A8E97-09E0-4A1F-B368-A140D6373F94}.Debug|Any CPU.ActiveCfg = Debug|Any CPU
		{212A8E97-09E0-4A1F-B368-A140D6373F94}.Debug|Any CPU.Build.0 = Debug|Any CPU
		{212A8E97-09E0-4A1F-B368-A140D6373F94}.Release|Any CPU.ActiveCfg = Release|Any CPU
		{212A8E97-09E0-4A1F-B368-A140D6373F94}.Release|Any CPU.Build.0 = Release|Any CPU
	EndGlobalSection
	GlobalSection(SolutionProperties) = preSolution
		HideSolutionNode = FALSE
	EndGlobalSection
	GlobalSection(ExtensibilityGlobals) = postSolution
		SolutionGuid = {93C15982-1705-449A-AED8-75E1AF9B690D}
	EndGlobalSection
EndGlobal
